
Microsoft Visual Studio Solution File, Format Version 12.00
# Visual Studio Version 16
VisualStudioVersion = 16.6.30114.105
MinimumVisualStudioVersion = 10.0.40219.1
Project("{FAE04EC0-301F-11D3-BF4B-00C04F79EFBC}") = "R5T.D0086.A001", "R5T.D0086.A001\R5T.D0086.A001.csproj", "{7CF929CB-D08C-4EBF-8322-036178E1ED2E}"
EndProject
Project("{FAE04EC0-301F-11D3-BF4B-00C04F79EFBC}") = "R5T.D0086.I001", "R5T.D0086.I001\R5T.D0086.I001.csproj", "{75D90C1A-F0C9-45CE-9660-E7C2F984FD3F}"
EndProject
Project("{FAE04EC0-301F-11D3-BF4B-00C04F79EFBC}") = "R5T.D0086.Base", "R5T.D0086.Base\R5T.D0086.Base.csproj", "{B7B97C81-8F93-400B-B0AA-C21B25BC7C71}"
EndProject
Project("{2150E333-8FDC-42A3-9474-1A3956D46DE8}") = "_Dependencies", "_Dependencies", "{97AEAAE2-2FF3-4469-93AF-5B66852F19EF}"
EndProject
Project("{FAE04EC0-301F-11D3-BF4B-00C04F79EFBC}") = "R5T.Dacia.Extensions", "..\..\R5T.Dacia.Extensions\source\R5T.Dacia.Extensions\R5T.Dacia.Extensions.csproj", "{33B89CC5-0DC0-4AC0-BE0A-800BE552E8A1}"
EndProject
Project("{FAE04EC0-301F-11D3-BF4B-00C04F79EFBC}") = "R5T.Dacia.T002", "..\..\R5T.Dacia\source\R5T.Dacia.T002\R5T.Dacia.T002.csproj", "{11DFC6C5-A2A1-4A9A-875C-0BDE746BED6F}"
EndProject
Global
	GlobalSection(SolutionConfigurationPlatforms) = preSolution
		Debug|Any CPU = Debug|Any CPU
		Debug|x64 = Debug|x64
		Debug|x86 = Debug|x86
		Release|Any CPU = Release|Any CPU
		Release|x64 = Release|x64
		Release|x86 = Release|x86
	EndGlobalSection
	GlobalSection(SolutionProperties) = preSolution
		HideSolutionNode = FALSE
	EndGlobalSection
	GlobalSection(ProjectConfigurationPlatforms) = postSolution
		{7CF929CB-D08C-4EBF-8322-036178E1ED2E}.Debug|Any CPU.ActiveCfg = Debug|Any CPU
		{7CF929CB-D08C-4EBF-8322-036178E1ED2E}.Debug|Any CPU.Build.0 = Debug|Any CPU
		{7CF929CB-D08C-4EBF-8322-036178E1ED2E}.Debug|x64.ActiveCfg = Debug|Any CPU
		{7CF929CB-D08C-4EBF-8322-036178E1ED2E}.Debug|x64.Build.0 = Debug|Any CPU
		{7CF929CB-D08C-4EBF-8322-036178E1ED2E}.Debug|x86.ActiveCfg = Debug|Any CPU
		{7CF929CB-D08C-4EBF-8322-036178E1ED2E}.Debug|x86.Build.0 = Debug|Any CPU
		{7CF929CB-D08C-4EBF-8322-036178E1ED2E}.Release|Any CPU.ActiveCfg = Release|Any CPU
		{7CF929CB-D08C-4EBF-8322-036178E1ED2E}.Release|Any CPU.Build.0 = Release|Any CPU
		{7CF929CB-D08C-4EBF-8322-036178E1ED2E}.Release|x64.ActiveCfg = Release|Any CPU
		{7CF929CB-D08C-4EBF-8322-036178E1ED2E}.Release|x64.Build.0 = Release|Any CPU
		{7CF929CB-D08C-4EBF-8322-036178E1ED2E}.Release|x86.ActiveCfg = Release|Any CPU
		{7CF929CB-D08C-4EBF-8322-036178E1ED2E}.Release|x86.Build.0 = Release|Any CPU
		{75D90C1A-F0C9-45CE-9660-E7C2F984FD3F}.Debug|Any CPU.ActiveCfg = Debug|Any CPU
		{75D90C1A-F0C9-45CE-9660-E7C2F984FD3F}.Debug|Any CPU.Build.0 = Debug|Any CPU
		{75D90C1A-F0C9-45CE-9660-E7C2F984FD3F}.Debug|x64.ActiveCfg = Debug|Any CPU
		{75D90C1A-F0C9-45CE-9660-E7C2F984FD3F}.Debug|x64.Build.0 = Debug|Any CPU
		{75D90C1A-F0C9-45CE-9660-E7C2F984FD3F}.Debug|x86.ActiveCfg = Debug|Any CPU
		{75D90C1A-F0C9-45CE-9660-E7C2F984FD3F}.Debug|x86.Build.0 = Debug|Any CPU
		{75D90C1A-F0C9-45CE-9660-E7C2F984FD3F}.Release|Any CPU.ActiveCfg = Release|Any CPU
		{75D90C1A-F0C9-45CE-9660-E7C2F984FD3F}.Release|Any CPU.Build.0 = Release|Any CPU
		{75D90C1A-F0C9-45CE-9660-E7C2F984FD3F}.Release|x64.ActiveCfg = Release|Any CPU
		{75D90C1A-F0C9-45CE-9660-E7C2F984FD3F}.Release|x64.Build.0 = Release|Any CPU
		{75D90C1A-F0C9-45CE-9660-E7C2F984FD3F}.Release|x86.ActiveCfg = Release|Any CPU
		{75D90C1A-F0C9-45CE-9660-E7C2F984FD3F}.Release|x86.Build.0 = Release|Any CPU
		{B7B97C81-8F93-400B-B0AA-C21B25BC7C71}.Debug|Any CPU.ActiveCfg = Debug|Any CPU
		{B7B97C81-8F93-400B-B0AA-C21B25BC7C71}.Debug|Any CPU.Build.0 = Debug|Any CPU
		{B7B97C81-8F93-400B-B0AA-C21B25BC7C71}.Debug|x64.ActiveCfg = Debug|Any CPU
		{B7B97C81-8F93-400B-B0AA-C21B25BC7C71}.Debug|x64.Build.0 = Debug|Any CPU
		{B7B97C81-8F93-400B-B0AA-C21B25BC7C71}.Debug|x86.ActiveCfg = Debug|Any CPU
		{B7B97C81-8F93-400B-B0AA-C21B25BC7C71}.Debug|x86.Build.0 = Debug|Any CPU
		{B7B97C81-8F93-400B-B0AA-C21B25BC7C71}.Release|Any CPU.ActiveCfg = Release|Any CPU
		{B7B97C81-8F93-400B-B0AA-C21B25BC7C71}.Release|Any CPU.Build.0 = Release|Any CPU
		{B7B97C81-8F93-400B-B0AA-C21B25BC7C71}.Release|x64.ActiveCfg = Release|Any CPU
		{B7B97C81-8F93-400B-B0AA-C21B25BC7C71}.Release|x64.Build.0 = Release|Any CPU
		{B7B97C81-8F93-400B-B0AA-C21B25BC7C71}.Release|x86.ActiveCfg = Release|Any CPU
		{B7B97C81-8F93-400B-B0AA-C21B25BC7C71}.Release|x86.Build.0 = Release|Any CPU
		{33B89CC5-0DC0-4AC0-BE0A-800BE552E8A1}.Debug|Any CPU.ActiveCfg = Debug|Any CPU
		{33B89CC5-0DC0-4AC0-BE0A-800BE552E8A1}.Debug|Any CPU.Build.0 = Debug|Any CPU
		{33B89CC5-0DC0-4AC0-BE0A-800BE552E8A1}.Debug|x64.ActiveCfg = Debug|Any CPU
		{33B89CC5-0DC0-4AC0-BE0A-800BE552E8A1}.Debug|x64.Build.0 = Debug|Any CPU
		{33B89CC5-0DC0-4AC0-BE0A-800BE552E8A1}.Debug|x86.ActiveCfg = Debug|Any CPU
		{33B89CC5-0DC0-4AC0-BE0A-800BE552E8A1}.Debug|x86.Build.0 = Debug|Any CPU
		{33B89CC5-0DC0-4AC0-BE0A-800BE552E8A1}.Release|Any CPU.ActiveCfg = Release|Any CPU
		{33B89CC5-0DC0-4AC0-BE0A-800BE552E8A1}.Release|Any CPU.Build.0 = Release|Any CPU
		{33B89CC5-0DC0-4AC0-BE0A-800BE552E8A1}.Release|x64.ActiveCfg = Release|Any CPU
		{33B89CC5-0DC0-4AC0-BE0A-800BE552E8A1}.Release|x64.Build.0 = Release|Any CPU
		{33B89CC5-0DC0-4AC0-BE0A-800BE552E8A1}.Release|x86.ActiveCfg = Release|Any CPU
		{33B89CC5-0DC0-4AC0-BE0A-800BE552E8A1}.Release|x86.Build.0 = Release|Any CPU
		{11DFC6C5-A2A1-4A9A-875C-0BDE746BED6F}.Debug|Any CPU.ActiveCfg = Debug|Any CPU
		{11DFC6C5-A2A1-4A9A-875C-0BDE746BED6F}.Debug|Any CPU.Build.0 = Debug|Any CPU
		{11DFC6C5-A2A1-4A9A-875C-0BDE746BED6F}.Debug|x64.ActiveCfg = Debug|Any CPU
		{11DFC6C5-A2A1-4A9A-875C-0BDE746BED6F}.Debug|x64.Build.0 = Debug|Any CPU
		{11DFC6C5-A2A1-4A9A-875C-0BDE746BED6F}.Debug|x86.ActiveCfg = Debug|Any CPU
		{11DFC6C5-A2A1-4A9A-875C-0BDE746BED6F}.Debug|x86.Build.0 = Debug|Any CPU
		{11DFC6C5-A2A1-4A9A-875C-0BDE746BED6F}.Release|Any CPU.ActiveCfg = Release|Any CPU
		{11DFC6C5-A2A1-4A9A-875C-0BDE746BED6F}.Release|Any CPU.Build.0 = Release|Any CPU
		{11DFC6C5-A2A1-4A9A-875C-0BDE746BED6F}.Release|x64.ActiveCfg = Release|Any CPU
		{11DFC6C5-A2A1-4A9A-875C-0BDE746BED6F}.Release|x64.Build.0 = Release|Any CPU
		{11DFC6C5-A2A1-4A9A-875C-0BDE746BED6F}.Release|x86.ActiveCfg = Release|Any CPU
		{11DFC6C5-A2A1-4A9A-875C-0BDE746BED6F}.Release|x86.Build.0 = Release|Any CPU
	EndGlobalSection
	GlobalSection(NestedProjects) = preSolution
		{33B89CC5-0DC0-4AC0-BE0A-800BE552E8A1} = {97AEAAE2-2FF3-4469-93AF-5B66852F19EF}
		{11DFC6C5-A2A1-4A9A-875C-0BDE746BED6F} = {97AEAAE2-2FF3-4469-93AF-5B66852F19EF}
	EndGlobalSection
EndGlobal
