
Microsoft Visual Studio Solution File, Format Version 12.00
# Visual Studio Version 16
VisualStudioVersion = 16.6.30114.105
MinimumVisualStudioVersion = 10.0.40219.1
Project("{FAE04EC0-301F-11D3-BF4B-00C04F79EFBC}") = "R5T.D0086.Construction", "R5T.D0086.Construction\R5T.D0086.Construction.csproj", "{6A01F5C9-A363-4CA9-BD3E-D47C8376CFFD}"
EndProject
Project("{2150E333-8FDC-42A3-9474-1A3956D46DE8}") = "_Dependencies", "_Dependencies", "{94F503D0-A87E-4D1A-88EF-662FDDB4F0CF}"
EndProject
Project("{FAE04EC0-301F-11D3-BF4B-00C04F79EFBC}") = "R5T.Plymouth.ProgramAsAService", "..\..\R5T.Plymouth\source\R5T.Plymouth.ProgramAsAService\R5T.Plymouth.ProgramAsAService.csproj", "{9892B7EF-F119-467A-ACBF-6573AD6BE1D7}"
EndProject
Project("{FAE04EC0-301F-11D3-BF4B-00C04F79EFBC}") = "R5T.T0027.T009", "..\..\R5T.T0027\source\R5T.T0027.T009\R5T.T0027.T009.csproj", "{9CBD0BAF-503C-4114-AA09-8DFCBC7F5BE7}"
EndProject
Project("{FAE04EC0-301F-11D3-BF4B-00C04F79EFBC}") = "R5T.D0086.I001", "R5T.D0086.I001\R5T.D0086.I001.csproj", "{23161565-F5DE-4EFA-9995-0875D541D730}"
EndProject
Project("{FAE04EC0-301F-11D3-BF4B-00C04F79EFBC}") = "R5T.D0086.Base", "R5T.D0086.Base\R5T.D0086.Base.csproj", "{41E90C22-222C-4EA1-8205-B197E66D3763}"
EndProject
Project("{FAE04EC0-301F-11D3-BF4B-00C04F79EFBC}") = "R5T.Dacia.Extensions", "..\..\R5T.Dacia.Extensions\source\R5T.Dacia.Extensions\R5T.Dacia.Extensions.csproj", "{6AF7F287-1128-4D25-85E1-7DCE255A0E18}"
EndProject
Project("{FAE04EC0-301F-11D3-BF4B-00C04F79EFBC}") = "R5T.Dacia.T002", "..\..\R5T.Dacia\source\R5T.Dacia.T002\R5T.Dacia.T002.csproj", "{3171F37E-8D15-4C3F-B2C5-F6C7418C2F33}"
EndProject
Global
	GlobalSection(SolutionConfigurationPlatforms) = preSolution
		Debug|Any CPU = Debug|Any CPU
		Debug|x64 = Debug|x64
		Debug|x86 = Debug|x86
		Release|Any CPU = Release|Any CPU
		Release|x64 = Release|x64
		Release|x86 = Release|x86
	EndGlobalSection
	GlobalSection(SolutionProperties) = preSolution
		HideSolutionNode = FALSE
	EndGlobalSection
	GlobalSection(ProjectConfigurationPlatforms) = postSolution
		{6A01F5C9-A363-4CA9-BD3E-D47C8376CFFD}.Debug|Any CPU.ActiveCfg = Debug|Any CPU
		{6A01F5C9-A363-4CA9-BD3E-D47C8376CFFD}.Debug|Any CPU.Build.0 = Debug|Any CPU
		{6A01F5C9-A363-4CA9-BD3E-D47C8376CFFD}.Debug|x64.ActiveCfg = Debug|Any CPU
		{6A01F5C9-A363-4CA9-BD3E-D47C8376CFFD}.Debug|x64.Build.0 = Debug|Any CPU
		{6A01F5C9-A363-4CA9-BD3E-D47C8376CFFD}.Debug|x86.ActiveCfg = Debug|Any CPU
		{6A01F5C9-A363-4CA9-BD3E-D47C8376CFFD}.Debug|x86.Build.0 = Debug|Any CPU
		{6A01F5C9-A363-4CA9-BD3E-D47C8376CFFD}.Release|Any CPU.ActiveCfg = Release|Any CPU
		{6A01F5C9-A363-4CA9-BD3E-D47C8376CFFD}.Release|Any CPU.Build.0 = Release|Any CPU
		{6A01F5C9-A363-4CA9-BD3E-D47C8376CFFD}.Release|x64.ActiveCfg = Release|Any CPU
		{6A01F5C9-A363-4CA9-BD3E-D47C8376CFFD}.Release|x64.Build.0 = Release|Any CPU
		{6A01F5C9-A363-4CA9-BD3E-D47C8376CFFD}.Release|x86.ActiveCfg = Release|Any CPU
		{6A01F5C9-A363-4CA9-BD3E-D47C8376CFFD}.Release|x86.Build.0 = Release|Any CPU
		{9892B7EF-F119-467A-ACBF-6573AD6BE1D7}.Debug|Any CPU.ActiveCfg = Debug|Any CPU
		{9892B7EF-F119-467A-ACBF-6573AD6BE1D7}.Debug|Any CPU.Build.0 = Debug|Any CPU
		{9892B7EF-F119-467A-ACBF-6573AD6BE1D7}.Debug|x64.ActiveCfg = Debug|Any CPU
		{9892B7EF-F119-467A-ACBF-6573AD6BE1D7}.Debug|x64.Build.0 = Debug|Any CPU
		{9892B7EF-F119-467A-ACBF-6573AD6BE1D7}.Debug|x86.ActiveCfg = Debug|Any CPU
		{9892B7EF-F119-467A-ACBF-6573AD6BE1D7}.Debug|x86.Build.0 = Debug|Any CPU
		{9892B7EF-F119-467A-ACBF-6573AD6BE1D7}.Release|Any CPU.ActiveCfg = Release|Any CPU
		{9892B7EF-F119-467A-ACBF-6573AD6BE1D7}.Release|Any CPU.Build.0 = Release|Any CPU
		{9892B7EF-F119-467A-ACBF-6573AD6BE1D7}.Release|x64.ActiveCfg = Release|Any CPU
		{9892B7EF-F119-467A-ACBF-6573AD6BE1D7}.Release|x64.Build.0 = Release|Any CPU
		{9892B7EF-F119-467A-ACBF-6573AD6BE1D7}.Release|x86.ActiveCfg = Release|Any CPU
		{9892B7EF-F119-467A-ACBF-6573AD6BE1D7}.Release|x86.Build.0 = Release|Any CPU
		{9CBD0BAF-503C-4114-AA09-8DFCBC7F5BE7}.Debug|Any CPU.ActiveCfg = Debug|Any CPU
		{9CBD0BAF-503C-4114-AA09-8DFCBC7F5BE7}.Debug|Any CPU.Build.0 = Debug|Any CPU
		{9CBD0BAF-503C-4114-AA09-8DFCBC7F5BE7}.Debug|x64.ActiveCfg = Debug|Any CPU
		{9CBD0BAF-503C-4114-AA09-8DFCBC7F5BE7}.Debug|x64.Build.0 = Debug|Any CPU
		{9CBD0BAF-503C-4114-AA09-8DFCBC7F5BE7}.Debug|x86.ActiveCfg = Debug|Any CPU
		{9CBD0BAF-503C-4114-AA09-8DFCBC7F5BE7}.Debug|x86.Build.0 = Debug|Any CPU
		{9CBD0BAF-503C-4114-AA09-8DFCBC7F5BE7}.Release|Any CPU.ActiveCfg = Release|Any CPU
		{9CBD0BAF-503C-4114-AA09-8DFCBC7F5BE7}.Release|Any CPU.Build.0 = Release|Any CPU
		{9CBD0BAF-503C-4114-AA09-8DFCBC7F5BE7}.Release|x64.ActiveCfg = Release|Any CPU
		{9CBD0BAF-503C-4114-AA09-8DFCBC7F5BE7}.Release|x64.Build.0 = Release|Any CPU
		{9CBD0BAF-503C-4114-AA09-8DFCBC7F5BE7}.Release|x86.ActiveCfg = Release|Any CPU
		{9CBD0BAF-503C-4114-AA09-8DFCBC7F5BE7}.Release|x86.Build.0 = Release|Any CPU
		{23161565-F5DE-4EFA-9995-0875D541D730}.Debug|Any CPU.ActiveCfg = Debug|Any CPU
		{23161565-F5DE-4EFA-9995-0875D541D730}.Debug|Any CPU.Build.0 = Debug|Any CPU
		{23161565-F5DE-4EFA-9995-0875D541D730}.Debug|x64.ActiveCfg = Debug|Any CPU
		{23161565-F5DE-4EFA-9995-0875D541D730}.Debug|x64.Build.0 = Debug|Any CPU
		{23161565-F5DE-4EFA-9995-0875D541D730}.Debug|x86.ActiveCfg = Debug|Any CPU
		{23161565-F5DE-4EFA-9995-0875D541D730}.Debug|x86.Build.0 = Debug|Any CPU
		{23161565-F5DE-4EFA-9995-0875D541D730}.Release|Any CPU.ActiveCfg = Release|Any CPU
		{23161565-F5DE-4EFA-9995-0875D541D730}.Release|Any CPU.Build.0 = Release|Any CPU
		{23161565-F5DE-4EFA-9995-0875D541D730}.Release|x64.ActiveCfg = Release|Any CPU
		{23161565-F5DE-4EFA-9995-0875D541D730}.Release|x64.Build.0 = Release|Any CPU
		{23161565-F5DE-4EFA-9995-0875D541D730}.Release|x86.ActiveCfg = Release|Any CPU
		{23161565-F5DE-4EFA-9995-0875D541D730}.Release|x86.Build.0 = Release|Any CPU
		{41E90C22-222C-4EA1-8205-B197E66D3763}.Debug|Any CPU.ActiveCfg = Debug|Any CPU
		{41E90C22-222C-4EA1-8205-B197E66D3763}.Debug|Any CPU.Build.0 = Debug|Any CPU
		{41E90C22-222C-4EA1-8205-B197E66D3763}.Debug|x64.ActiveCfg = Debug|Any CPU
		{41E90C22-222C-4EA1-8205-B197E66D3763}.Debug|x64.Build.0 = Debug|Any CPU
		{41E90C22-222C-4EA1-8205-B197E66D3763}.Debug|x86.ActiveCfg = Debug|Any CPU
		{41E90C22-222C-4EA1-8205-B197E66D3763}.Debug|x86.Build.0 = Debug|Any CPU
		{41E90C22-222C-4EA1-8205-B197E66D3763}.Release|Any CPU.ActiveCfg = Release|Any CPU
		{41E90C22-222C-4EA1-8205-B197E66D3763}.Release|Any CPU.Build.0 = Release|Any CPU
		{41E90C22-222C-4EA1-8205-B197E66D3763}.Release|x64.ActiveCfg = Release|Any CPU
		{41E90C22-222C-4EA1-8205-B197E66D3763}.Release|x64.Build.0 = Release|Any CPU
		{41E90C22-222C-4EA1-8205-B197E66D3763}.Release|x86.ActiveCfg = Release|Any CPU
		{41E90C22-222C-4EA1-8205-B197E66D3763}.Release|x86.Build.0 = Release|Any CPU
		{6AF7F287-1128-4D25-85E1-7DCE255A0E18}.Debug|Any CPU.ActiveCfg = Debug|Any CPU
		{6AF7F287-1128-4D25-85E1-7DCE255A0E18}.Debug|Any CPU.Build.0 = Debug|Any CPU
		{6AF7F287-1128-4D25-85E1-7DCE255A0E18}.Debug|x64.ActiveCfg = Debug|Any CPU
		{6AF7F287-1128-4D25-85E1-7DCE255A0E18}.Debug|x64.Build.0 = Debug|Any CPU
		{6AF7F287-1128-4D25-85E1-7DCE255A0E18}.Debug|x86.ActiveCfg = Debug|Any CPU
		{6AF7F287-1128-4D25-85E1-7DCE255A0E18}.Debug|x86.Build.0 = Debug|Any CPU
		{6AF7F287-1128-4D25-85E1-7DCE255A0E18}.Release|Any CPU.ActiveCfg = Release|Any CPU
		{6AF7F287-1128-4D25-85E1-7DCE255A0E18}.Release|Any CPU.Build.0 = Release|Any CPU
		{6AF7F287-1128-4D25-85E1-7DCE255A0E18}.Release|x64.ActiveCfg = Release|Any CPU
		{6AF7F287-1128-4D25-85E1-7DCE255A0E18}.Release|x64.Build.0 = Release|Any CPU
		{6AF7F287-1128-4D25-85E1-7DCE255A0E18}.Release|x86.ActiveCfg = Release|Any CPU
		{6AF7F287-1128-4D25-85E1-7DCE255A0E18}.Release|x86.Build.0 = Release|Any CPU
		{3171F37E-8D15-4C3F-B2C5-F6C7418C2F33}.Debug|Any CPU.ActiveCfg = Debug|Any CPU
		{3171F37E-8D15-4C3F-B2C5-F6C7418C2F33}.Debug|Any CPU.Build.0 = Debug|Any CPU
		{3171F37E-8D15-4C3F-B2C5-F6C7418C2F33}.Debug|x64.ActiveCfg = Debug|Any CPU
		{3171F37E-8D15-4C3F-B2C5-F6C7418C2F33}.Debug|x64.Build.0 = Debug|Any CPU
		{3171F37E-8D15-4C3F-B2C5-F6C7418C2F33}.Debug|x86.ActiveCfg = Debug|Any CPU
		{3171F37E-8D15-4C3F-B2C5-F6C7418C2F33}.Debug|x86.Build.0 = Debug|Any CPU
		{3171F37E-8D15-4C3F-B2C5-F6C7418C2F33}.Release|Any CPU.ActiveCfg = Release|Any CPU
		{3171F37E-8D15-4C3F-B2C5-F6C7418C2F33}.Release|Any CPU.Build.0 = Release|Any CPU
		{3171F37E-8D15-4C3F-B2C5-F6C7418C2F33}.Release|x64.ActiveCfg = Release|Any CPU
		{3171F37E-8D15-4C3F-B2C5-F6C7418C2F33}.Release|x64.Build.0 = Release|Any CPU
		{3171F37E-8D15-4C3F-B2C5-F6C7418C2F33}.Release|x86.ActiveCfg = Release|Any CPU
		{3171F37E-8D15-4C3F-B2C5-F6C7418C2F33}.Release|x86.Build.0 = Release|Any CPU
	EndGlobalSection
	GlobalSection(NestedProjects) = preSolution
		{9892B7EF-F119-467A-ACBF-6573AD6BE1D7} = {94F503D0-A87E-4D1A-88EF-662FDDB4F0CF}
		{9CBD0BAF-503C-4114-AA09-8DFCBC7F5BE7} = {94F503D0-A87E-4D1A-88EF-662FDDB4F0CF}
		{6AF7F287-1128-4D25-85E1-7DCE255A0E18} = {94F503D0-A87E-4D1A-88EF-662FDDB4F0CF}
		{3171F37E-8D15-4C3F-B2C5-F6C7418C2F33} = {94F503D0-A87E-4D1A-88EF-662FDDB4F0CF}
	EndGlobalSection
EndGlobal
